
Microsoft Visual Studio Solution File, Format Version 12.00
# Visual Studio Version 16
VisualStudioVersion = 16.0.30002.166
MinimumVisualStudioVersion = 10.0.40219.1
Project("{FAE04EC0-301F-11D3-BF4B-00C04F79EFBC}") = "Array", "Array\Array.csproj", "{22D97B1B-219A-4BC7-8877-00CE0F5B8D47}"
EndProject
Global
	GlobalSection(SolutionConfigurationPlatforms) = preSolution
		Debug|Any CPU = Debug|Any CPU
		Release|Any CPU = Release|Any CPU
	EndGlobalSection
	GlobalSection(ProjectConfigurationPlatforms) = postSolution
		{22D97B1B-219A-4BC7-8877-00CE0F5B8D47}.Debug|Any CPU.ActiveCfg = Debug|Any CPU
		{22D97B1B-219A-4BC7-8877-00CE0F5B8D47}.Debug|Any CPU.Build.0 = Debug|Any CPU
		{22D97B1B-219A-4BC7-8877-00CE0F5B8D47}.Release|Any CPU.ActiveCfg = Release|Any CPU
		{22D97B1B-219A-4BC7-8877-00CE0F5B8D47}.Release|Any CPU.Build.0 = Release|Any CPU
	EndGlobalSection
	GlobalSection(SolutionProperties) = preSolution
		HideSolutionNode = FALSE
	EndGlobalSection
	GlobalSection(ExtensibilityGlobals) = postSolution
		SolutionGuid = {122C6C69-D43E-4DC3-9ECE-8AEC101DCEF1}
	EndGlobalSection
EndGlobal
